// !$*UTF8*$!
{
	archiveVersion = 1;
	classes = {};
	objectVersion = 77;
	objects = {
		A00000000000000000000001 = {isa = PBXProject; attributes = {BuildIndependentTargetsInParallel = YES; LastSwiftUpdateCheck = 2660; LastUpgradeCheck = 2660; TargetAttributes = {A00000000000000000000002 = {CreatedOnToolsVersion = 26.6;};};}; buildConfigurationList = A00000000000000000000003; developmentRegion = en; hasScannedForEncodings = 0; knownRegions = (en, Base); mainGroup = A00000000000000000000004; preferredProjectObjectVersion = 77; productRefGroup = A00000000000000000000005; projectDirPath = ""; projectRoot = ""; targets = (A00000000000000000000002,);};
		A00000000000000000000002 = {isa = PBXNativeTarget; buildConfigurationList = A00000000000000000000006; buildPhases = (A00000000000000000000007, A00000000000000000000008, A00000000000000000000009,); buildRules = (); dependencies = (); name = FocusQuest; packageProductDependencies = (); productName = FocusQuest; productReference = A0000000000000000000000A; productType = "com.apple.product-type.application";};
		A00000000000000000000003 = {isa = XCConfigurationList; buildConfigurations = (A0000000000000000000000B, A0000000000000000000000C,); defaultConfigurationIsVisible = 0; defaultConfigurationName = Release;};
		A00000000000000000000004 = {isa = PBXGroup; children = (A0000000000000000000000D, A00000000000000000000005,); sourceTree = "<group>";};
		A00000000000000000000005 = {isa = PBXGroup; children = (A0000000000000000000000A,); name = Products; sourceTree = "<group>";};
		A00000000000000000000006 = {isa = XCConfigurationList; buildConfigurations = (A0000000000000000000000E, A0000000000000000000000F,); defaultConfigurationIsVisible = 0; defaultConfigurationName = Release;};
		A00000000000000000000007 = {isa = PBXSourcesBuildPhase; buildActionMask = 2147483647; files = (); runOnlyForDeploymentPostprocessing = 0;};
		A00000000000000000000008 = {isa = PBXFrameworksBuildPhase; buildActionMask = 2147483647; files = (); runOnlyForDeploymentPostprocessing = 0;};
		A00000000000000000000009 = {isa = PBXResourcesBuildPhase; buildActionMask = 2147483647; files = (); runOnlyForDeploymentPostprocessing = 0;};
		A0000000000000000000000A = {isa = PBXFileReference; explicitFileType = wrapper.application; includeInIndex = 0; path = FocusQuest.app; sourceTree = BUILT_PRODUCTS_DIR;};
		A0000000000000000000000B = {isa = XCBuildConfiguration; buildSettings = {ALWAYS_SEARCH_USER_PATHS = NO; CLANG_ENABLE_MODULES = YES; CLANG_ENABLE_OBJC_ARC = YES; COPY_PHASE_STRIP = NO; DEBUG_INFORMATION_FORMAT = dwarf; ENABLE_TESTABILITY = YES; GCC_C_LANGUAGE_STANDARD = gnu17; IPHONEOS_DEPLOYMENT_TARGET = 17.0; SDKROOT = iphoneos; SWIFT_VERSION = 6.0;}; name = Debug;};
		A0000000000000000000000C = {isa = XCBuildConfiguration; buildSettings = {ALWAYS_SEARCH_USER_PATHS = NO; CLANG_ENABLE_MODULES = YES; CLANG_ENABLE_OBJC_ARC = YES; DEBUG_INFORMATION_FORMAT = "dwarf-with-dsym"; GCC_C_LANGUAGE_STANDARD = gnu17; IPHONEOS_DEPLOYMENT_TARGET = 17.0; SDKROOT = iphoneos; SWIFT_COMPILATION_MODE = wholemodule; SWIFT_VERSION = 6.0; VALIDATE_PRODUCT = YES;}; name = Release;};
		A0000000000000000000000D = {isa = PBXFileSystemSynchronizedRootGroup; exceptions = (A00000000000000000000010,); path = FocusQuest; sourceTree = "<group>";};
		A0000000000000000000000E = {isa = XCBuildConfiguration; buildSettings = {ASSETCATALOG_COMPILER_GENERATE_SWIFT_ASSET_SYMBOL_EXTENSIONS = YES; CODE_SIGN_ENTITLEMENTS = FocusQuest/FocusQuest.entitlements; CODE_SIGN_STYLE = Automatic; CURRENT_PROJECT_VERSION = 1; DEVELOPMENT_TEAM = ""; GENERATE_INFOPLIST_FILE = NO; INFOPLIST_FILE = FocusQuest/Info.plist; INFOPLIST_KEY_UIApplicationSupportsIndirectInputEvents = YES; INFOPLIST_KEY_UILaunchScreen_Generation = YES; INFOPLIST_KEY_UISupportedInterfaceOrientations_iPad = "UIInterfaceOrientationPortrait UIInterfaceOrientationPortraitUpsideDown UIInterfaceOrientationLandscapeLeft UIInterfaceOrientationLandscapeRight"; IPHONEOS_DEPLOYMENT_TARGET = 17.0; MARKETING_VERSION = 1.0; PRODUCT_BUNDLE_IDENTIFIER = com.example.FocusQuest; PRODUCT_NAME = "$(TARGET_NAME)"; SWIFT_EMIT_LOC_STRINGS = YES; SWIFT_STRICT_CONCURRENCY = minimal; TARGETED_DEVICE_FAMILY = "1,2";}; name = Debug;};
		A0000000000000000000000F = {isa = XCBuildConfiguration; buildSettings = {ASSETCATALOG_COMPILER_GENERATE_SWIFT_ASSET_SYMBOL_EXTENSIONS = YES; CODE_SIGN_ENTITLEMENTS = FocusQuest/FocusQuest.entitlements; CODE_SIGN_STYLE = Automatic; CURRENT_PROJECT_VERSION = 1; DEVELOPMENT_TEAM = ""; GENERATE_INFOPLIST_FILE = NO; INFOPLIST_FILE = FocusQuest/Info.plist; INFOPLIST_KEY_UIApplicationSupportsIndirectInputEvents = YES; INFOPLIST_KEY_UILaunchScreen_Generation = YES; INFOPLIST_KEY_UISupportedInterfaceOrientations_iPad = "UIInterfaceOrientationPortrait UIInterfaceOrientationPortraitUpsideDown UIInterfaceOrientationLandscapeLeft UIInterfaceOrientationLandscapeRight"; IPHONEOS_DEPLOYMENT_TARGET = 17.0; MARKETING_VERSION = 1.0; PRODUCT_BUNDLE_IDENTIFIER = com.example.FocusQuest; PRODUCT_NAME = "$(TARGET_NAME)"; SWIFT_EMIT_LOC_STRINGS = YES; SWIFT_STRICT_CONCURRENCY = minimal; TARGETED_DEVICE_FAMILY = "1,2";}; name = Release;};
		A00000000000000000000010 = {isa = PBXFileSystemSynchronizedBuildFileExceptionSet; membershipExceptions = (Info.plist,); target = A00000000000000000000002;};
	};
	rootObject = A00000000000000000000001;
}
